schema: gwz.lock/v0
workspace_id: ws_default
manifest_schema: gwz.workspace/v0
created_at: unix-ms:1782329693366
members:
  mem_gwz_cli:
    path: gwz-cli
    source_id: src_gwz_cli
    source_kind: git
    commit: 0b41f83bbd77649c97071b2b1e8b45f397ad3689
    branch: main
    detached: false
    dirty: true
    materialized: true
  mem_gwz_core:
    path: gwz-core
    source_id: src_gwz_core
    source_kind: git
    commit: 6f26eea5623a94b3a5114948d0176485727ef395
    branch: main
    detached: false
    dirty: true
    materialized: true
  mem_taut:
    path: taut
    source_id: src_taut
    source_kind: git
    commit: 70e17b75b5b5bd05b8f769720454b142ffb6184e
    branch: main
    detached: false
    dirty: false
    materialized: true
